
Microsoft Visual Studio Solution File, Format Version 12.00
# Visual Studio Version 16
VisualStudioVersion = 16.0.31321.278
MinimumVisualStudioVersion = 10.0.40219.1
Project("{9A19103F-16F7-4668-BE54-9A1E7A4F7556}") = "PressStart", "PressStart.csproj", "{24E08365-F7F7-4860-AA52-77261FBCB2C7}"
EndProject
Global
	GlobalSection(SolutionConfigurationPlatforms) = preSolution
		Debug|Any CPU = Debug|Any CPU
		Release|Any CPU = Release|Any CPU
	EndGlobalSection
	GlobalSection(ProjectConfigurationPlatforms) = postSolution
		{24E08365-F7F7-4860-AA52-77261FBCB2C7}.Debug|Any CPU.ActiveCfg = Debug|Any CPU
		{24E08365-F7F7-4860-AA52-77261FBCB2C7}.Debug|Any CPU.Build.0 = Debug|Any CPU
		{24E08365-F7F7-4860-AA52-77261FBCB2C7}.Release|Any CPU.ActiveCfg = Release|Any CPU
		{24E08365-F7F7-4860-AA52-77261FBCB2C7}.Release|Any CPU.Build.0 = Release|Any CPU
	EndGlobalSection
	GlobalSection(SolutionProperties) = preSolution
		HideSolutionNode = FALSE
	EndGlobalSection
	GlobalSection(ExtensibilityGlobals) = postSolution
		SolutionGuid = {1A768B3A-FC14-4C77-B027-01957BB3D696}
	EndGlobalSection
EndGlobal
